lockfileVersion: '9.0'

settings:
  autoInstallPeers: true
  excludeLinksFromLockfile: false

importers:

  .:
    dependencies:
      '@tanstack/react-query':
        specifier: ^5.60.0
        version: 5.101.4(react@19.2.8)
      react:
        specifier: '>=18'
        version: 19.2.8

packages:

  '@tanstack/query-core@5.101.4':
    resolution: {integrity: sha512-gNwcvOJcRbLWPOLG/2OBm+zM+Yv+MKsXKEOWC57USuZDEsI71hEErQsiEGx5wX9rzWWkfwM0fVSPoiIFSsxfiw==}

  '@tanstack/react-query@5.101.4':
    resolution: {integrity: sha512-yRg2pfOCxIs4ZJW3XYYHU/WgtD04FHSnfHlpRT7h7pR77hwkdRG4wxbKe4aq6P0RvXUTBSQpQeadS1SUYUe+KA==}
    peerDependencies:
      react: ^18 || ^19

  react@19.2.8:
    resolution: {integrity: sha512-PWaYA1L/q9u2u7xYQi+Y3L3Yfnie7XyLeaJICV1MGD6LprsBxcAqGjYyr0eY3p+QdsA+x/Irkt4Qif8D63+Sbw==}
    engines: {node: '>=0.10.0'}

snapshots:

  '@tanstack/query-core@5.101.4': {}

  '@tanstack/react-query@5.101.4(react@19.2.8)':
    dependencies:
      '@tanstack/query-core': 5.101.4
      react: 19.2.8

  react@19.2.8: {}
